
Microsoft Visual Studio Solution File, Format Version 12.00
# Visual Studio Version 17
VisualStudioVersion = 17.7.34018.315
MinimumVisualStudioVersion = 10.0.40219.1
Project("{FAE04EC0-301F-11D3-BF4B-00C04F79EFBC}") = "Uppgift 4.1", "Uppgift 4.1\Uppgift 4.1.csproj", "{A577BEA0-C340-4212-8219-09B52BD7A51D}"
EndProject
Global
	GlobalSection(SolutionConfigurationPlatforms) = preSolution
		Debug|Any CPU = Debug|Any CPU
		Release|Any CPU = Release|Any CPU
	EndGlobalSection
	GlobalSection(ProjectConfigurationPlatforms) = postSolution
		{A577BEA0-C340-4212-8219-09B52BD7A51D}.Debug|Any CPU.ActiveCfg = Debug|Any CPU
		{A577BEA0-C340-4212-8219-09B52BD7A51D}.Debug|Any CPU.Build.0 = Debug|Any CPU
		{A577BEA0-C340-4212-8219-09B52BD7A51D}.Release|Any CPU.ActiveCfg = Release|Any CPU
		{A577BEA0-C340-4212-8219-09B52BD7A51D}.Release|Any CPU.Build.0 = Release|Any CPU
	EndGlobalSection
	GlobalSection(SolutionProperties) = preSolution
		HideSolutionNode = FALSE
	EndGlobalSection
	GlobalSection(ExtensibilityGlobals) = postSolution
		SolutionGuid = {F17D78F2-9863-44A6-976A-5994B82DEED1}
	EndGlobalSection
EndGlobal
